
Microsoft Visual Studio Solution File, Format Version 12.00
# Visual Studio Version 16
VisualStudioVersion = 16.0.31515.178
MinimumVisualStudioVersion = 10.0.40219.1
Project("{9A19103F-16F7-4668-BE54-9A1E7A4F7556}") = "WEB_NETCORE_SACHS", "WEB_NETCORE_SACHS\WEB_NETCORE_SACHS.csproj", "{F267C4C6-023E-4145-A594-DC743E50B301}"
EndProject
Global
	GlobalSection(SolutionConfigurationPlatforms) = preSolution
		Debug|Any CPU = Debug|Any CPU
		Release|Any CPU = Release|Any CPU
	EndGlobalSection
	GlobalSection(ProjectConfigurationPlatforms) = postSolution
		{F267C4C6-023E-4145-A594-DC743E50B301}.Debug|Any CPU.ActiveCfg = Debug|Any CPU
		{F267C4C6-023E-4145-A594-DC743E50B301}.Debug|Any CPU.Build.0 = Debug|Any CPU
		{F267C4C6-023E-4145-A594-DC743E50B301}.Release|Any CPU.ActiveCfg = Release|Any CPU
		{F267C4C6-023E-4145-A594-DC743E50B301}.Release|Any CPU.Build.0 = Release|Any CPU
	EndGlobalSection
	GlobalSection(SolutionProperties) = preSolution
		HideSolutionNode = FALSE
	EndGlobalSection
	GlobalSection(ExtensibilityGlobals) = postSolution
		SolutionGuid = {EA83037D-5A33-439F-AF34-0552FEBE6BDE}
	EndGlobalSection
EndGlobal
